// !$*UTF8*$!
{
	archiveVersion = 1;
	classes = {
	};
	objectVersion = 50;
	objects = {

/* Begin PBXBuildFile section */
		B034726620C4E1F0004DB681 /* AppDelegate.swift in Sources */ = {isa = PBXBuildFile; fileRef = B034726520C4E1F0004DB681 /* AppDelegate.swift */; };
		B034726820C4E1F0004DB681 /* ViewController.swift in Sources */ = {isa = PBXBuildFile; fileRef = B034726720C4E1F0004DB681 /* ViewController.swift */; };
		B034726D20C4E1F2004DB681 /* Assets.xcassets in Resources */ = {isa = PBXBuildFile; fileRef = B034726C20C4E1F2004DB681 /* Assets.xcassets */; };
		B034727020C4E1F2004DB681 /* LaunchScreen.storyboard in Resources */ = {isa = PBXBuildFile; fileRef = B034726E20C4E1F2004DB681 /* LaunchScreen.storyboard */; };
		B034727820C4E203004DB681 /* BingoSheet.swift in Sources */ = {isa = PBXBuildFile; fileRef = B034727720C4E203004DB681 /* BingoSheet.swift */; };
		B034727A20C4E21B004DB681 /* BingoItem.swift in Sources */ = {isa = PBXBuildFile; fileRef = B034727920C4E21B004DB681 /* BingoItem.swift */; };
		B034727C20C4EFB8004DB681 /* BingoItemCollectionViewCell.swift in Sources */ = {isa = PBXBuildFile; fileRef = B034727B20C4EFB8004DB681 /* BingoItemCollectionViewCell.swift */; };
/* End PBXBuildFile section */

/* Begin PBXFileReference section */
		B034726220C4E1F0004DB681 /* WWDCBingo.app */ = {isa = PBXFileReference; explicitFileType = wrapper.application; includeInIndex = 0; path = WWDCBingo.app; sourceTree = BUILT_PRODUCTS_DIR; };
		B034726520C4E1F0004DB681 /* AppDelegate.swift */ = {isa = PBXFileReference; lastKnownFileType = sourcecode.swift; path = AppDelegate.swift; sourceTree = "<group>"; };
		B034726720C4E1F0004DB681 /* ViewController.swift */ = {isa = PBXFileReference; lastKnownFileType = sourcecode.swift; path = ViewController.swift; sourceTree = "<group>"; };
		B034726C20C4E1F2004DB681 /* Assets.xcassets */ = {isa = PBXFileReference; lastKnownFileType = folder.assetcatalog; path = Assets.xcassets; sourceTree = "<group>"; };
		B034726F20C4E1F2004DB681 /* Base */ = {isa = PBXFileReference; lastKnownFileType = file.storyboard; name = Base; path = Base.lproj/LaunchScreen.storyboard; sourceTree = "<group>"; };
		B034727120C4E1F2004DB681 /* Info.plist */ = {isa = PBXFileReference; lastKnownFileType = text.plist.xml; path = Info.plist; sourceTree = "<group>"; };
		B034727720C4E203004DB681 /* BingoSheet.swift */ = {isa = PBXFileReference; lastKnownFileType = sourcecode.swift; path = BingoSheet.swift; sourceTree = "<group>"; };
		B034727920C4E21B004DB681 /* BingoItem.swift */ = {isa = PBXFileReference; lastKnownFileType = sourcecode.swift; path = BingoItem.swift; sourceTree = "<group>"; };
		B034727B20C4EFB8004DB681 /* BingoItemCollectionViewCell.swift */ = {isa = PBXFileReference; lastKnownFileType = sourcecode.swift; path = BingoItemCollectionViewCell.swift; sourceTree = "<group>"; };
/* End PBXFileReference section */

/* Begin PBXFrameworksBuildPhase section */
		B034725F20C4E1F0004DB681 /* Frameworks */ = {
			isa = PBXFrameworksBuildPhase;
			buildActionMask = 2147483647;
			files = (
			);
			runOnlyForDeploymentPostprocessing = 0;
		};
/* End PBXFrameworksBuildPhase section */

/* Begin PBXGroup section */
		B034725920C4E1F0004DB681 = {
			isa = PBXGroup;
			children = (
				B034726420C4E1F0004DB681 /* WWDCBingo */,
				B034726320C4E1F0004DB681 /* Products */,
			);
			sourceTree = "<group>";
		};
		B034726320C4E1F0004DB681 /* Products */ = {
			isa = PBXGroup;
			children = (
				B034726220C4E1F0004DB681 /* WWDCBingo.app */,
			);
			name = Products;
			sourceTree = "<group>";
		};
		B034726420C4E1F0004DB681 /* WWDCBingo */ = {
			isa = PBXGroup;
			children = (
				B034726520C4E1F0004DB681 /* AppDelegate.swift */,
				B034726720C4E1F0004DB681 /* ViewController.swift */,
				B034726C20C4E1F2004DB681 /* Assets.xcassets */,
				B034726E20C4E1F2004DB681 /* LaunchScreen.storyboard */,
				B034727120C4E1F2004DB681 /* Info.plist */,
				B034727720C4E203004DB681 /* BingoSheet.swift */,
				B034727920C4E21B004DB681 /* BingoItem.swift */,
				B034727B20C4EFB8004DB681 /* BingoItemCollectionViewCell.swift */,
			);
			path = WWDCBingo;
			sourceTree = "<group>";
		};
/* End PBXGroup section */

/* Begin PBXNativeTarget section */
		B034726120C4E1F0004DB681 /* WWDCBingo */ = {
			isa = PBXNativeTarget;
			buildConfigurationList = B034727420C4E1F2004DB681 /* Build configuration list for PBXNativeTarget "WWDCBingo" */;
			buildPhases = (
				B034725E20C4E1F0004DB681 /* Sources */,
				B034725F20C4E1F0004DB681 /* Frameworks */,
				B034726020C4E1F0004DB681 /* Resources */,
			);
			buildRules = (
			);
			dependencies = (
			);
			name = WWDCBingo;
			productName = WWDCBingo;
			productReference = B034726220C4E1F0004DB681 /* WWDCBingo.app */;
			productType = "com.apple.product-type.application";
		};
/* End PBXNativeTarget section */

/* Begin PBXProject section */
		B034725A20C4E1F0004DB681 /* Project object */ = {
			isa = PBXProject;
			attributes = {
				LastSwiftUpdateCheck = 0940;
				LastUpgradeCheck = 0940;
				ORGANIZATIONNAME = "Jordan Osterberg";
				TargetAttributes = {
					B034726120C4E1F0004DB681 = {
						CreatedOnToolsVersion = 9.4;
					};
				};
			};
			buildConfigurationList = B034725D20C4E1F0004DB681 /* Build configuration list for PBXProject "WWDCBingo" */;
			compatibilityVersion = "Xcode 9.3";
			developmentRegion = en;
			hasScannedForEncodings = 0;
			knownRegions = (
				en,
				Base,
			);
			mainGroup = B034725920C4E1F0004DB681;
			productRefGroup = B034726320C4E1F0004DB681 /* Products */;
			projectDirPath = "";
			projectRoot = "";
			targets = (
				B034726120C4E1F0004DB681 /* WWDCBingo */,
			);
		};
/* End PBXProject section */

/* Begin PBXResourcesBuildPhase section */
		B034726020C4E1F0004DB681 /* Resources */ = {
			isa = PBXResourcesBuildPhase;
			buildActionMask = 2147483647;
			files = (
				B034727020C4E1F2004DB681 /* LaunchScreen.storyboard in Resources */,
				B034726D20C4E1F2004DB681 /* Assets.xcassets in Resources */,
			);
			runOnlyForDeploymentPostprocessing = 0;
		};
/* End PBXResourcesBuildPhase section */

/* Begin PBXSourcesBuildPhase section */
		B034725E20C4E1F0004DB681 /* Sources */ = {
			isa = PBXSourcesBuildPhase;
			buildActionMask = 2147483647;
			files = (
				B034727A20C4E21B004DB681 /* BingoItem.swift in Sources */,
				B034726820C4E1F0004DB681 /* ViewController.swift in Sources */,
				B034727820C4E203004DB681 /* BingoSheet.swift in Sources */,
				B034726620C4E1F0004DB681 /* AppDelegate.swift in Sources */,
				B034727C20C4EFB8004DB681 /* BingoItemCollectionViewCell.swift in Sources */,
			);
			runOnlyForDeploymentPostprocessing = 0;
		};
/* End PBXSourcesBuildPhase section */

/* Begin PBXVariantGroup section */
		B034726E20C4E1F2004DB681 /* LaunchScreen.storyboard */ = {
			isa = PBXVariantGroup;
			children = (
				B034726F20C4E1F2004DB681 /* Base */,
			);
			name = LaunchScreen.storyboard;
			sourceTree = "<group>";
		};
/* End PBXVariantGroup section */

/* Begin XCBuildConfiguration section */
		B034727220C4E1F2004DB681 /* Debug */ = {
			isa = XCBuildConfiguration;
			buildSettings = {
				ALWAYS_SEARCH_USER_PATHS = NO;
				CLANG_ANALYZER_NONNULL = YES;
				CLANG_ANALYZER_NUMBER_OBJECT_CONVERSION = YES_AGGRESSIVE;
				CLANG_CXX_LANGUAGE_STANDARD = "gnu++14";
				CLANG_CXX_LIBRARY = "libc++";
				CLANG_ENABLE_MODULES = YES;
				CLANG_ENABLE_OBJC_ARC = YES;
				CLANG_ENABLE_OBJC_WEAK = YES;
				CLANG_WARN_BLOCK_CAPTURE_AUTORELEASING = YES;
				CLANG_WARN_BOOL_CONVERSION = YES;
				CLANG_WARN_COMMA = YES;
				CLANG_WARN_CONSTANT_CONVERSION = YES;
				CLANG_WARN_DEPRECATED_OBJC_IMPLEMENTATIONS = YES;
				CLANG_WARN_DIRECT_OBJC_ISA_USAGE = YES_ERROR;
				CLANG_WARN_DOCUMENTATION_COMMENTS = YES;
				CLANG_WARN_EMPTY_BODY = YES;
				CLANG_WARN_ENUM_CONVERSION = YES;
				CLANG_WARN_INFINITE_RECURSION = YES;
				CLANG_WARN_INT_CONVERSION = YES;
				CLANG_WARN_NON_LITERAL_NULL_CONVERSION = YES;
				CLANG_WARN_OBJC_IMPLICIT_RETAIN_SELF = YES;
				CLANG_WARN_OBJC_LITERAL_CONVERSION = YES;
				CLANG_WARN_OBJC_ROOT_CLASS = YES_ERROR;
				CLANG_WARN_RANGE_LOOP_ANALYSIS = YES;
				CLANG_WARN_STRICT_PROTOTYPES = YES;
				CLANG_WARN_SUSPICIOUS_MOVE = YES;
				CLANG_WARN_UNGUARDED_AVAILABILITY = YES_AGGRESSIVE;
				CLANG_WARN_UNREACHABLE_CODE = YES;
				CLANG_WARN__DUPLICATE_METHOD_MATCH = YES;
				CODE_SIGN_IDENTITY = "iPhone Developer";
				COPY_PHASE_STRIP = NO;
				DEBUG_INFORMATION_FORMAT = dwarf;
				ENABLE_STRICT_OBJC_MSGSEND = YES;
				ENABLE_TESTABILITY = YES;
				GCC_C_LANGUAGE_STANDARD = gnu11;
				GCC_DYNAMIC_NO_PIC = NO;
				GCC_NO_COMMON_BLOCKS = YES;
				GCC_OPTIMIZATION_LEVEL = 0;
				GCC_PREPROCESSOR_DEFINITIONS = (
					"DEBUG=1",
					"$(inherited)",
				);
				GCC_WARN_64_TO_32_BIT_CONVERSION = YES;
				GCC_WARN_ABOUT_RETURN_TYPE = YES_ERROR;
				GCC_WARN_UNDECLARED_SELECTOR = YES;
				GCC_WARN_UNINITIALIZED_AUTOS = YES_AGGRESSIVE;
				GCC_WARN_UNUSED_FUNCTION = YES;
				GCC_WARN_UNUSED_VARIABLE = YES;
				IPHONEOS_DEPLOYMENT_TARGET = 11.4;
				MTL_ENABLE_DEBUG_INFO = YES;
				ONLY_ACTIVE_ARCH = YES;
				SDKROOT = iphoneos;
				SWIFT_ACTIVE_COMPILATION_CONDITIONS = DEBUG;
				SWIFT_OPTIMIZATION_LEVEL = "-Onone";
			};
			name = Debug;
		};
		B034727320C4E1F2004DB681 /* Release */ = {
			isa = XCBuildConfiguration;
			buildSettings = {
				ALWAYS_SEARCH_USER_PATHS = NO;
				CLANG_ANALYZER_NONNULL = YES;
				CLANG_ANALYZER_NUMBER_OBJECT_CONVERSION = YES_AGGRESSIVE;
				CLANG_CXX_LANGUAGE_STANDARD = "gnu++14";
				CLANG_CXX_LIBRARY = "libc++";
				CLANG_ENABLE_MODULES = YES;
				CLANG_ENABLE_OBJC_ARC = YES;
				CLANG_ENABLE_OBJC_WEAK = YES;
				CLANG_WARN_BLOCK_CAPTURE_AUTORELEASING = YES;
				CLANG_WARN_BOOL_CONVERSION = YES;
				CLANG_WARN_COMMA = YES;
				CLANG_WARN_CONSTANT_CONVERSION = YES;
				CLANG_WARN_DEPRECATED_OBJC_IMPLEMENTATIONS = YES;
				CLANG_WARN_DIRECT_OBJC_ISA_USAGE = YES_ERROR;
				CLANG_WARN_DOCUMENTATION_COMMENTS = YES;
				CLANG_WARN_EMPTY_BODY = YES;
				CLANG_WARN_ENUM_CONVERSION = YES;
				CLANG_WARN_INFINITE_RECURSION = YES;
				CLANG_WARN_INT_CONVERSION = YES;
				CLANG_WARN_NON_LITERAL_NULL_CONVERSION = YES;
				CLANG_WARN_OBJC_IMPLICIT_RETAIN_SELF = YES;
				CLANG_WARN_OBJC_LITERAL_CONVERSION = YES;
				CLANG_WARN_OBJC_ROOT_CLASS = YES_ERROR;
				CLANG_WARN_RANGE_LOOP_ANALYSIS = YES;
				CLANG_WARN_STRICT_PROTOTYPES = YES;
				CLANG_WARN_SUSPICIOUS_MOVE = YES;
				CLANG_WARN_UNGUARDED_AVAILABILITY = YES_AGGRESSIVE;
				CLANG_WARN_UNREACHABLE_CODE = YES;
				CLANG_WARN__DUPLICATE_METHOD_MATCH = YES;
				CODE_SIGN_IDENTITY = "iPhone Developer";
				COPY_PHASE_STRIP = NO;
				DEBUG_INFORMATION_FORMAT = "dwarf-with-dsym";
				ENABLE_NS_ASSERTIONS = NO;
				ENABLE_STRICT_OBJC_MSGSEND = YES;
				GCC_C_LANGUAGE_STANDARD = gnu11;
				GCC_NO_COMMON_BLOCKS = YES;
				GCC_WARN_64_TO_32_BIT_CONVERSION = YES;
				GCC_WARN_ABOUT_RETURN_TYPE = YES_ERROR;
				GCC_WARN_UNDECLARED_SELECTOR = YES;
				GCC_WARN_UNINITIALIZED_AUTOS = YES_AGGRESSIVE;
				GCC_WARN_UNUSED_FUNCTION = YES;
				GCC_WARN_UNUSED_VARIABLE = YES;
				IPHONEOS_DEPLOYMENT_TARGET = 11.4;
				MTL_ENABLE_DEBUG_INFO = NO;
				SDKROOT = iphoneos;
				SWIFT_COMPILATION_MODE = wholemodule;
				SWIFT_OPTIMIZATION_LEVEL = "-O";
				VALIDATE_PRODUCT = YES;
			};
			name = Release;
		};
		B034727520C4E1F2004DB681 /* Debug */ = {
			isa = XCBuildConfiguration;
			buildSettings = {
				ASSETCATALOG_COMPILER_APPICON_NAME = AppIcon;
				CODE_SIGN_STYLE = Automatic;
				DEVELOPMENT_TEAM = RZK4BBVLPU;
				INFOPLIST_FILE = WWDCBingo/Info.plist;
				IPHONEOS_DEPLOYMENT_TARGET = 10.0;
				LD_RUNPATH_SEARCH_PATHS = (
					"$(inherited)",
					"@executable_path/Frameworks",
				);
				PRODUCT_BUNDLE_IDENTIFIER = tech.shadowsystems.WWDCBingo;
				PRODUCT_NAME = "$(TARGET_NAME)";
				SWIFT_VERSION = 4.0;
				TARGETED_DEVICE_FAMILY = "1,2";
			};
			name = Debug;
		};
		B034727620C4E1F2004DB681 /* Release */ = {
			isa = XCBuildConfiguration;
			buildSettings = {
				ASSETCATALOG_COMPILER_APPICON_NAME = AppIcon;
				CODE_SIGN_STYLE = Automatic;
				DEVELOPMENT_TEAM = RZK4BBVLPU;
				INFOPLIST_FILE = WWDCBingo/Info.plist;
				IPHONEOS_DEPLOYMENT_TARGET = 10.0;
				LD_RUNPATH_SEARCH_PATHS = (
					"$(inherited)",
					"@executable_path/Frameworks",
				);
				PRODUCT_BUNDLE_IDENTIFIER = tech.shadowsystems.WWDCBingo;
				PRODUCT_NAME = "$(TARGET_NAME)";
				SWIFT_VERSION = 4.0;
				TARGETED_DEVICE_FAMILY = "1,2";
			};
			name = Release;
		};
/* End XCBuildConfiguration section */

/* Begin XCConfigurationList section */
		B034725D20C4E1F0004DB681 /* Build configuration list for PBXProject "WWDCBingo" */ = {
			isa = XCConfigurationList;
			buildConfigurations = (
				B034727220C4E1F2004DB681 /* Debug */,
				B034727320C4E1F2004DB681 /* Release */,
			);
			defaultConfigurationIsVisible = 0;
			defaultConfigurationName = Release;
		};
		B034727420C4E1F2004DB681 /* Build configuration list for PBXNativeTarget "WWDCBingo" */ = {
			isa = XCConfigurationList;
			buildConfigurations = (
				B034727520C4E1F2004DB681 /* Debug */,
				B034727620C4E1F2004DB681 /* Release */,
			);
			defaultConfigurationIsVisible = 0;
			defaultConfigurationName = Release;
		};
/* End XCConfigurationList section */
	};
	rootObject = B034725A20C4E1F0004DB681 /* Project object */;
}
